
Microsoft Visual Studio Solution File, Format Version 12.00
# Visual Studio 15
VisualStudioVersion = 15.0.27004.2005
MinimumVisualStudioVersion = 10.0.40219.1
Project("{6EC3EE1D-3C4E-46DD-8F32-0CC8E7565705}") = "XamarinForms.Reactive.FSharp", "XamarinForms.Reactive.FSharp\XamarinForms.Reactive.FSharp.fsproj", "{8D655AA7-5F2A-4992-B4E8-D9751FA987B8}"
EndProject
Project("{6EC3EE1D-3C4E-46DD-8F32-0CC8E7565705}") = "XamarinForms.Reactive.Sample.Mars.Common", "XamarinForms.Reactive.Sample.Mars.Common\XamarinForms.Reactive.Sample.Mars.Common.fsproj", "{6262CFD7-80F8-4CD1-BF9E-47CD2C29B325}"
EndProject
Project("{9A19103F-16F7-4668-BE54-9A1E7A4F7556}") = "XamarinForms.Reactive.Sample.Mars.Data", "XamarinForms.Reactive.Sample.Mars.Data\XamarinForms.Reactive.Sample.Mars.Data.csproj", "{B4E7EF8A-3A4B-4FA6-99C8-0C5F425E5C0D}"
EndProject
Project("{F2A71F9B-5D33-465A-A702-920D77279786}") = "XamarinForms.Reactive.Sample.Mars.Android", "XamarinForms.Reactive.Sample.Mars.Android\XamarinForms.Reactive.Sample.Mars.Android.fsproj", "{008F8A34-B431-4B6E-B6C3-2CCEE70F5607}"
EndProject
Project("{FAE04EC0-301F-11D3-BF4B-00C04F79EFBC}") = "XamarinForms.Reactive.Sample.Mars.Migrations", "XamarinForms.Reactive.Sample.Mars.Migrations\XamarinForms.Reactive.Sample.Mars.Migrations.csproj", "{226B9AA5-E1D1-4C3F-A890-FCB4BF796626}"
EndProject
Global
	GlobalSection(SolutionConfigurationPlatforms) = preSolution
		Debug|Any CPU = Debug|Any CPU
		Release|Any CPU = Release|Any CPU
	EndGlobalSection
	GlobalSection(ProjectConfigurationPlatforms) = postSolution
		{8D655AA7-5F2A-4992-B4E8-D9751FA987B8}.Debug|Any CPU.ActiveCfg = Debug|Any CPU
		{8D655AA7-5F2A-4992-B4E8-D9751FA987B8}.Debug|Any CPU.Build.0 = Debug|Any CPU
		{8D655AA7-5F2A-4992-B4E8-D9751FA987B8}.Release|Any CPU.ActiveCfg = Release|Any CPU
		{8D655AA7-5F2A-4992-B4E8-D9751FA987B8}.Release|Any CPU.Build.0 = Release|Any CPU
		{6262CFD7-80F8-4CD1-BF9E-47CD2C29B325}.Debug|Any CPU.ActiveCfg = Debug|Any CPU
		{6262CFD7-80F8-4CD1-BF9E-47CD2C29B325}.Debug|Any CPU.Build.0 = Debug|Any CPU
		{6262CFD7-80F8-4CD1-BF9E-47CD2C29B325}.Release|Any CPU.ActiveCfg = Release|Any CPU
		{6262CFD7-80F8-4CD1-BF9E-47CD2C29B325}.Release|Any CPU.Build.0 = Release|Any CPU
		{B4E7EF8A-3A4B-4FA6-99C8-0C5F425E5C0D}.Debug|Any CPU.ActiveCfg = Debug|Any CPU
		{B4E7EF8A-3A4B-4FA6-99C8-0C5F425E5C0D}.Debug|Any CPU.Build.0 = Debug|Any CPU
		{B4E7EF8A-3A4B-4FA6-99C8-0C5F425E5C0D}.Release|Any CPU.ActiveCfg = Release|Any CPU
		{B4E7EF8A-3A4B-4FA6-99C8-0C5F425E5C0D}.Release|Any CPU.Build.0 = Release|Any CPU
		{008F8A34-B431-4B6E-B6C3-2CCEE70F5607}.Debug|Any CPU.ActiveCfg = Debug|Any CPU
		{008F8A34-B431-4B6E-B6C3-2CCEE70F5607}.Debug|Any CPU.Build.0 = Debug|Any CPU
		{008F8A34-B431-4B6E-B6C3-2CCEE70F5607}.Debug|Any CPU.Deploy.0 = Debug|Any CPU
		{008F8A34-B431-4B6E-B6C3-2CCEE70F5607}.Release|Any CPU.ActiveCfg = Release|Any CPU
		{008F8A34-B431-4B6E-B6C3-2CCEE70F5607}.Release|Any CPU.Build.0 = Release|Any CPU
		{008F8A34-B431-4B6E-B6C3-2CCEE70F5607}.Release|Any CPU.Deploy.0 = Release|Any CPU
		{226B9AA5-E1D1-4C3F-A890-FCB4BF796626}.Debug|Any CPU.ActiveCfg = Debug|Any CPU
		{226B9AA5-E1D1-4C3F-A890-FCB4BF796626}.Debug|Any CPU.Build.0 = Debug|Any CPU
		{226B9AA5-E1D1-4C3F-A890-FCB4BF796626}.Release|Any CPU.ActiveCfg = Release|Any CPU
		{226B9AA5-E1D1-4C3F-A890-FCB4BF796626}.Release|Any CPU.Build.0 = Release|Any CPU
	EndGlobalSection
	GlobalSection(SolutionProperties) = preSolution
		HideSolutionNode = FALSE
	EndGlobalSection
	GlobalSection(ExtensibilityGlobals) = postSolution
		SolutionGuid = {664823D3-B330-4E00-AC3A-9FBB9CEA075A}
	EndGlobalSection
EndGlobal
